<?xml version="1.0" encoding="utf-8"?>
<Project ToolsVersion="4.0" xmlns="http://schemas.microsoft.com/developer/msbuild/2003">
  <ItemGroup>
    <Filter Include="Archivos de origen">
      <UniqueIdentifier>{4FC737F1-C7A5-4376-A066-2A32D752A2FF}</UniqueIdentifier>
      <Extensions>cpp;c;cc;cxx;def;odl;idl;hpj;bat;asm;asmx</Extensions>
    </Filter>
    <Filter Include="Archivos de encabezado">
      <UniqueIdentifier>{93995380-89BD-4b04-88EB-625FBE52EBFB}</UniqueIdentifier>
      <Extensions>h;hh;hpp;hxx;hm;inl;inc;ipp;xsd</Extensions>
    </Filter>
    <Filter Include="Archivos de recursos">
      <UniqueIdentifier>{67DA6AB6-F800-4c08-8B7A-83BB121AAD01}</UniqueIdentifier>
      <Extensions>rc;ico;cur;bmp;dlg;rc2;rct;bin;rgs;gif;jpg;jpeg;jpe;resx;tiff;tif;png;wav;mfcribbon-ms</Extensions>
    </Filter>
    <Filter Include="Archivos de encabezado\sys">
      <UniqueIdentifier>{0d2ec22b-4793-4012-8476-f7d1c85d4853}</UniqueIdentifier>
    </Filter>
    <Filter Include="Archivos de origen\syscheckd">
      <UniqueIdentifier>{0f352779-1b37-4572-ab68-21acb7f478c1}</UniqueIdentifier>
    </Filter>
    <Filter Include="Archivos de origen\rootcheck">
      <UniqueIdentifier>{97de3b4d-8c0c-4d3f-bd83-c6da484106c2}</UniqueIdentifier>
    </Filter>
    <Filter Include="Archivos de origen\client-agent">
      <UniqueIdentifier>{e28d8d1a-9788-43e6-acf3-b04e209222fb}</UniqueIdentifier>
    </Filter>
    <Filter Include="Archivos de origen\logcollector">
      <UniqueIdentifier>{250630e7-d9f2-40d6-a0c8-ea606935b299}</UniqueIdentifier>
    </Filter>
    <Filter Include="Archivos de origen\os_execd">
      <UniqueIdentifier>{75b7fd4b-c5cf-4c85-a596-ea3f9595fb3f}</UniqueIdentifier>
    </Filter>
    <Filter Include="Archivos de origen\monitord">
      <UniqueIdentifier>{70b9503c-16c5-4027-ab2c-7894f67cd108}</UniqueIdentifier>
    </Filter>
  </ItemGroup>
  <ItemGroup>
    <ClCompile Include="..\..\win_agent.c">
      <Filter>Archivos de origen</Filter>
    </ClCompile>
    <ClCompile Include="..\..\win_service.c">
      <Filter>Archivos de origen</Filter>
    </ClCompile>
    <ClCompile Include="..\include\libgen.c">
      <Filter>Archivos de origen</Filter>
    </ClCompile>
    <ClCompile Include="..\include\sys\time.c">
      <Filter>Archivos de origen</Filter>
    </ClCompile>
    <ClCompile Include="..\..\..\syscheckd\*.c">
      <Filter>Archivos de origen\syscheckd</Filter>
    </ClCompile>
    <ClCompile Include="..\..\..\rootcheck\*.c">
      <Filter>Archivos de origen\rootcheck</Filter>
    </ClCompile>
    <ClCompile Include="..\..\..\client-agent\*.c" Exclude="..\..\..\client-agent\event-forward.c;..\..\..\client-agent\agentd.c;..\..\..\client-agent\main.c">
      <Filter>Archivos de origen\client-agent</Filter>
    </ClCompile>
    <ClCompile Include="..\..\..\logcollector\*.c" Exclude="..\..\..\logcollector\main.c">
      <Filter>Archivos de origen\logcollector</Filter>
    </ClCompile>
    <ClCompile Include="..\..\..\os_execd\*.c">
      <Filter>Archivos de origen\os_execd</Filter>
    </ClCompile>
    <ClCompile Include="..\..\..\monitord\compress_log.c">
      <Filter>Archivos de origen\monitord</Filter>
    </ClCompile>
    <ClCompile Include="..\..\..\monitord\rotate_log.c">
      <Filter>Archivos de origen\monitord</Filter>
    </ClCompile>
  </ItemGroup>
  <ItemGroup>
    <ResourceCompile Include="..\..\icofile.rc">
      <Filter>Archivos de recursos</Filter>
    </ResourceCompile>
  </ItemGroup>
  <ItemGroup>
    <ClInclude Include="..\include\unistd.h">
      <Filter>Archivos de encabezado</Filter>
    </ClInclude>
    <ClInclude Include="..\include\dirent.h">
      <Filter>Archivos de encabezado</Filter>
    </ClInclude>
    <ClInclude Include="..\include\libgen.h">
      <Filter>Archivos de encabezado</Filter>
    </ClInclude>
    <ClInclude Include="..\include\sys\param.h">
      <Filter>Archivos de encabezado\sys</Filter>
    </ClInclude>
    <ClInclude Include="..\include\sys\time.h">
      <Filter>Archivos de encabezado\sys</Filter>
    </ClInclude>
    <ClInclude Include="..\include\getopt.h">
      <Filter>Archivos de encabezado</Filter>
    </ClInclude>
  </ItemGroup>
  <ItemGroup>
    <None Include="packages.config" />
  </ItemGroup>
</Project>