<?xml version="1.0" encoding="utf-8"?>
<Project ToolsVersion="4.0" xmlns="http://schemas.microsoft.com/developer/msbuild/2003">
  <ItemGroup>
    <Filter Include="Archivos de origen">
      <UniqueIdentifier>{4FC737F1-C7A5-4376-A066-2A32D752A2FF}</UniqueIdentifier>
      <Extensions>cpp;c;cc;cxx;def;odl;idl;hpj;bat;asm;asmx</Extensions>
    </Filter>
    <Filter Include="Archivos de encabezado">
      <UniqueIdentifier>{93995380-89BD-4b04-88EB-625FBE52EBFB}</UniqueIdentifier>
      <Extensions>h;hh;hpp;hxx;hm;inl;inc;ipp;xsd</Extensions>
    </Filter>
    <Filter Include="Archivos de recursos">
      <UniqueIdentifier>{67DA6AB6-F800-4c08-8B7A-83BB121AAD01}</UniqueIdentifier>
      <Extensions>rc;ico;cur;bmp;dlg;rc2;rct;bin;rgs;gif;jpg;jpeg;jpe;resx;tiff;tif;png;wav;mfcribbon-ms</Extensions>
    </Filter>
    <Filter Include="Archivos de encabezado\sys">
      <UniqueIdentifier>{4d6ef279-f536-4271-9081-fbcc1ad4741e}</UniqueIdentifier>
    </Filter>
    <Filter Include="Archivos de origen\addagent">
      <UniqueIdentifier>{354a6dfa-be07-4aae-b4d4-bb216a2970b8}</UniqueIdentifier>
    </Filter>
  </ItemGroup>
  <ItemGroup>
    <ClCompile Include="..\..\win_service.c">
      <Filter>Archivos de origen</Filter>
    </ClCompile>
    <ClCompile Include="..\include\sys\time.c">
      <Filter>Archivos de origen</Filter>
    </ClCompile>
    <ClCompile Include="..\include\libgen.c">
      <Filter>Archivos de origen</Filter>
    </ClCompile>
    <ClCompile Include="..\..\..\addagent\auth_client.c">
      <Filter>Archivos de origen\addagent</Filter>
    </ClCompile>
    <ClCompile Include="..\..\..\addagent\b64.c">
      <Filter>Archivos de origen\addagent</Filter>
    </ClCompile>
    <ClCompile Include="..\..\..\addagent\main.c">
      <Filter>Archivos de origen\addagent</Filter>
    </ClCompile>
    <ClCompile Include="..\..\..\addagent\manage_agents.c">
      <Filter>Archivos de origen\addagent</Filter>
    </ClCompile>
    <ClCompile Include="..\..\..\addagent\manage_keys.c">
      <Filter>Archivos de origen\addagent</Filter>
    </ClCompile>
    <ClCompile Include="..\..\..\addagent\read_from_user.c">
      <Filter>Archivos de origen\addagent</Filter>
    </ClCompile>
    <ClCompile Include="..\..\..\addagent\validate.c">
      <Filter>Archivos de origen\addagent</Filter>
    </ClCompile>
  </ItemGroup>
  <ItemGroup>
    <ClInclude Include="..\include\sys\param.h">
      <Filter>Archivos de encabezado\sys</Filter>
    </ClInclude>
    <ClInclude Include="..\include\sys\time.h">
      <Filter>Archivos de encabezado\sys</Filter>
    </ClInclude>
    <ClInclude Include="..\include\dirent.h">
      <Filter>Archivos de encabezado</Filter>
    </ClInclude>
    <ClInclude Include="..\include\getopt.h">
      <Filter>Archivos de encabezado</Filter>
    </ClInclude>
    <ClInclude Include="..\include\libgen.h">
      <Filter>Archivos de encabezado</Filter>
    </ClInclude>
    <ClInclude Include="..\include\unistd.h">
      <Filter>Archivos de encabezado</Filter>
    </ClInclude>
  </ItemGroup>
  <ItemGroup>
    <None Include="packages.config" />
  </ItemGroup>
</Project>