<?xml version="1.0" encoding="utf-8"?>
<Project ToolsVersion="4.0" xmlns="http://schemas.microsoft.com/developer/msbuild/2003">
  <ItemGroup>
    <Filter Include="Archivos de origen">
      <UniqueIdentifier>{4FC737F1-C7A5-4376-A066-2A32D752A2FF}</UniqueIdentifier>
      <Extensions>cpp;c;cc;cxx;def;odl;idl;hpj;bat;asm;asmx</Extensions>
    </Filter>
    <Filter Include="Archivos de encabezado">
      <UniqueIdentifier>{93995380-89BD-4b04-88EB-625FBE52EBFB}</UniqueIdentifier>
      <Extensions>h;hh;hpp;hxx;hm;inl;inc;ipp;xsd</Extensions>
    </Filter>
    <Filter Include="Archivos de recursos">
      <UniqueIdentifier>{67DA6AB6-F800-4c08-8B7A-83BB121AAD01}</UniqueIdentifier>
      <Extensions>rc;ico;cur;bmp;dlg;rc2;rct;bin;rgs;gif;jpg;jpeg;jpe;resx;tiff;tif;png;wav;mfcribbon-ms</Extensions>
    </Filter>
    <Filter Include="Archivos de encabezado\sys">
      <UniqueIdentifier>{c175f09c-ea8a-497d-bfd0-c25d1b8771d5}</UniqueIdentifier>
    </Filter>
    <Filter Include="Archivos de origen\syscheckd">
      <UniqueIdentifier>{6b34c172-b2b2-4009-b937-9a649c2773b8}</UniqueIdentifier>
    </Filter>
    <Filter Include="Archivos de origen\rootcheck">
      <UniqueIdentifier>{90384134-3ca9-408c-a842-6607088adb32}</UniqueIdentifier>
    </Filter>
    <Filter Include="Archivos de origen\client-agent">
      <UniqueIdentifier>{d30ccf4a-eb6b-48cb-b5ba-662acf8c2498}</UniqueIdentifier>
    </Filter>
    <Filter Include="Archivos de origen\logcollector">
      <UniqueIdentifier>{c0f7947d-f0a5-445a-86fc-1b0fd51c9fc7}</UniqueIdentifier>
    </Filter>
    <Filter Include="Archivos de origen\os_execd">
      <UniqueIdentifier>{9fc4baf6-1a1b-40fb-bfb8-69a62fd5288f}</UniqueIdentifier>
    </Filter>
    <Filter Include="Archivos de origen\monitord">
      <UniqueIdentifier>{8f62feac-ab16-4d4c-bb7c-774e6cc9b2f5}</UniqueIdentifier>
    </Filter>
  </ItemGroup>
  <ItemGroup>
    <ClInclude Include="..\include\dirent.h">
      <Filter>Archivos de encabezado</Filter>
    </ClInclude>
    <ClInclude Include="..\include\getopt.h">
      <Filter>Archivos de encabezado</Filter>
    </ClInclude>
    <ClInclude Include="..\include\libgen.h">
      <Filter>Archivos de encabezado</Filter>
    </ClInclude>
    <ClInclude Include="..\include\unistd.h">
      <Filter>Archivos de encabezado</Filter>
    </ClInclude>
    <ClInclude Include="..\include\sys\param.h">
      <Filter>Archivos de encabezado\sys</Filter>
    </ClInclude>
    <ClInclude Include="..\include\sys\time.h">
      <Filter>Archivos de encabezado\sys</Filter>
    </ClInclude>
  </ItemGroup>
  <ItemGroup>
    <ClCompile Include="..\..\win_agent.c">
      <Filter>Archivos de origen</Filter>
    </ClCompile>
    <ClCompile Include="..\..\win_service.c">
      <Filter>Archivos de origen</Filter>
    </ClCompile>
    <ClCompile Include="..\include\libgen.c">
      <Filter>Archivos de origen</Filter>
    </ClCompile>
    <ClCompile Include="..\include\sys\time.c">
      <Filter>Archivos de origen</Filter>
    </ClCompile>
    <ClCompile Include="..\..\..\syscheckd\*.c">
      <Filter>Archivos de origen\syscheckd</Filter>
    </ClCompile>
    <ClCompile Include="..\..\..\rootcheck\*.c">
      <Filter>Archivos de origen\rootcheck</Filter>
    </ClCompile>
    <ClCompile Include="..\..\..\client-agent\*.c" Exclude="..\..\..\client-agent\event-forward.c;..\..\..\client-agent\agentd.c;..\..\..\client-agent\main.c">
      <Filter>Archivos de origen\client-agent</Filter>
    </ClCompile>
    <ClCompile Include="..\..\..\logcollector\*.c" Exclude="..\..\..\logcollector\main.c">
      <Filter>Archivos de origen\logcollector</Filter>
    </ClCompile>
    <ClCompile Include="..\..\..\os_execd\*.c">
      <Filter>Archivos de origen\os_execd</Filter>
    </ClCompile>
    <ClCompile Include="..\..\..\monitord\compress_log.c">
      <Filter>Archivos de origen\monitord</Filter>
    </ClCompile>
    <ClCompile Include="..\..\..\monitord\rotate_log.c">
      <Filter>Archivos de origen\monitord</Filter>
    </ClCompile>
  </ItemGroup>
  <ItemGroup>
    <ResourceCompile Include="..\..\icofile.rc">
      <Filter>Archivos de recursos</Filter>
    </ResourceCompile>
  </ItemGroup>
  <ItemGroup>
    <None Include="packages.config" />
  </ItemGroup>
</Project>